
Microsoft Visual Studio Solution File, Format Version 12.00
# Visual Studio Version 17
VisualStudioVersion = 17.4.33213.308
MinimumVisualStudioVersion = 10.0.40219.1
Project("{FAE04EC0-301F-11D3-BF4B-00C04F79EFBC}") = "AppTinhLuong", "AppTinhLuong.csproj", "{2974E607-4B3A-449D-AC64-925A1F88258D}"
EndProject
Global
	GlobalSection(SolutionConfigurationPlatforms) = preSolution
		Debug|Any CPU = Debug|Any CPU
		Release|Any CPU = Release|Any CPU
	EndGlobalSection
	GlobalSection(ProjectConfigurationPlatforms) = postSolution
		{2974E607-4B3A-449D-AC64-925A1F88258D}.Debug|Any CPU.ActiveCfg = Debug|Any CPU
		{2974E607-4B3A-449D-AC64-925A1F88258D}.Debug|Any CPU.Build.0 = Debug|Any CPU
		{2974E607-4B3A-449D-AC64-925A1F88258D}.Release|Any CPU.ActiveCfg = Release|Any CPU
		{2974E607-4B3A-449D-AC64-925A1F88258D}.Release|Any CPU.Build.0 = Release|Any CPU
	EndGlobalSection
	GlobalSection(SolutionProperties) = preSolution
		HideSolutionNode = FALSE
	EndGlobalSection
	GlobalSection(ExtensibilityGlobals) = postSolution
		SolutionGuid = {4985FC3D-6EAA-4530-B38B-48EC36680F17}
	EndGlobalSection
EndGlobal
